
Microsoft Visual Studio Solution File, Format Version 12.00
# Visual Studio Version 16
VisualStudioVersion = 16.0.32901.82
MinimumVisualStudioVersion = 10.0.40219.1
Project("{FAE04EC0-301F-11D3-BF4B-00C04F79EFBC}") = "Alex", "Alex\Alex.csproj", "{21EB19D1-22D9-4FA6-BCF3-2D0B0CDFF607}"
EndProject
Global
	GlobalSection(SolutionConfigurationPlatforms) = preSolution
		Debug|Any CPU = Debug|Any CPU
		Release|Any CPU = Release|Any CPU
	EndGlobalSection
	GlobalSection(ProjectConfigurationPlatforms) = postSolution
		{21EB19D1-22D9-4FA6-BCF3-2D0B0CDFF607}.Debug|Any CPU.ActiveCfg = Debug|Any CPU
		{21EB19D1-22D9-4FA6-BCF3-2D0B0CDFF607}.Debug|Any CPU.Build.0 = Debug|Any CPU
		{21EB19D1-22D9-4FA6-BCF3-2D0B0CDFF607}.Release|Any CPU.ActiveCfg = Release|Any CPU
		{21EB19D1-22D9-4FA6-BCF3-2D0B0CDFF607}.Release|Any CPU.Build.0 = Release|Any CPU
	EndGlobalSection
	GlobalSection(SolutionProperties) = preSolution
		HideSolutionNode = FALSE
	EndGlobalSection
	GlobalSection(ExtensibilityGlobals) = postSolution
		SolutionGuid = {A37091E1-3914-4FD5-8129-14966B3CD01F}
	EndGlobalSection
EndGlobal
